
Microsoft Visual Studio Solution File, Format Version 12.00
# Visual Studio Version 17
VisualStudioVersion = 17.8.34322.80
MinimumVisualStudioVersion = 10.0.40219.1
Project("{FAE04EC0-301F-11D3-BF4B-00C04F79EFBC}") = "SignalCircuitLib", "SignalCircuitLib.csproj", "{D2B48A43-AA7B-4684-8850-E70F005E6763}"
EndProject
Project("{FAE04EC0-301F-11D3-BF4B-00C04F79EFBC}") = "SignalCircuitLibTest", "..\SignalCircuitLibTest\SignalCircuitLibTest.csproj", "{D3B5A3AD-398C-4531-98C3-1AFCBD7955BF}"
EndProject
Global
	GlobalSection(SolutionConfigurationPlatforms) = preSolution
		Debug|Any CPU = Debug|Any CPU
		Release|Any CPU = Release|Any CPU
	EndGlobalSection
	GlobalSection(ProjectConfigurationPlatforms) = postSolution
		{D2B48A43-AA7B-4684-8850-E70F005E6763}.Debug|Any CPU.ActiveCfg = Debug|Any CPU
		{D2B48A43-AA7B-4684-8850-E70F005E6763}.Debug|Any CPU.Build.0 = Debug|Any CPU
		{D2B48A43-AA7B-4684-8850-E70F005E6763}.Release|Any CPU.ActiveCfg = Release|Any CPU
		{D2B48A43-AA7B-4684-8850-E70F005E6763}.Release|Any CPU.Build.0 = Release|Any CPU
		{D3B5A3AD-398C-4531-98C3-1AFCBD7955BF}.Debug|Any CPU.ActiveCfg = Debug|Any CPU
		{D3B5A3AD-398C-4531-98C3-1AFCBD7955BF}.Debug|Any CPU.Build.0 = Debug|Any CPU
		{D3B5A3AD-398C-4531-98C3-1AFCBD7955BF}.Release|Any CPU.ActiveCfg = Release|Any CPU
		{D3B5A3AD-398C-4531-98C3-1AFCBD7955BF}.Release|Any CPU.Build.0 = Release|Any CPU
	EndGlobalSection
	GlobalSection(SolutionProperties) = preSolution
		HideSolutionNode = FALSE
	EndGlobalSection
	GlobalSection(ExtensibilityGlobals) = postSolution
		SolutionGuid = {0FDFDAEA-E9C6-414C-A25A-4B0E2E292411}
	EndGlobalSection
EndGlobal
